
Microsoft Visual Studio Solution File, Format Version 12.00
# Visual Studio Version 17
VisualStudioVersion = 17.2.32616.157
MinimumVisualStudioVersion = 10.0.40219.1
Project("{FAE04EC0-301F-11D3-BF4B-00C04F79EFBC}") = "WebAPITokenB", "WebAPITokenB\WebAPITokenB.csproj", "{2B54E195-8063-4E5E-AD22-0AF5E782ED0A}"
EndProject
Global
	GlobalSection(SolutionConfigurationPlatforms) = preSolution
		Debug|Any CPU = Debug|Any CPU
		Release|Any CPU = Release|Any CPU
	EndGlobalSection
	GlobalSection(ProjectConfigurationPlatforms) = postSolution
		{2B54E195-8063-4E5E-AD22-0AF5E782ED0A}.Debug|Any CPU.ActiveCfg = Debug|Any CPU
		{2B54E195-8063-4E5E-AD22-0AF5E782ED0A}.Debug|Any CPU.Build.0 = Debug|Any CPU
		{2B54E195-8063-4E5E-AD22-0AF5E782ED0A}.Release|Any CPU.ActiveCfg = Release|Any CPU
		{2B54E195-8063-4E5E-AD22-0AF5E782ED0A}.Release|Any CPU.Build.0 = Release|Any CPU
	EndGlobalSection
	GlobalSection(SolutionProperties) = preSolution
		HideSolutionNode = FALSE
	EndGlobalSection
	GlobalSection(ExtensibilityGlobals) = postSolution
		SolutionGuid = {16E0F509-8870-40CE-8AF4-A5A92C2057B6}
	EndGlobalSection
EndGlobal
